// !$*UTF8*$!
{
	archiveVersion = 1;
	classes = {
	};
	objectVersion = 50;
	objects = {

/* Begin PBXBuildFile section */
		303E744024815D4000F1E449 /* HeaderView.swift in Sources */ = {isa = PBXBuildFile; fileRef = 303E743F24815D4000F1E449 /* HeaderView.swift */; };
		30690D10248011E00064F58D /* AvocadosView.swift in Sources */ = {isa = PBXBuildFile; fileRef = 30690D0F248011E00064F58D /* AvocadosView.swift */; };
		30690D12248012060064F58D /* RipeningStagesView.swift in Sources */ = {isa = PBXBuildFile; fileRef = 30690D11248012060064F58D /* RipeningStagesView.swift */; };
		30690D142480122B0064F58D /* SettingsView.swift in Sources */ = {isa = PBXBuildFile; fileRef = 30690D132480122B0064F58D /* SettingsView.swift */; };
		30690D16248012500064F58D /* AppView.swift in Sources */ = {isa = PBXBuildFile; fileRef = 30690D15248012500064F58D /* AppView.swift */; };
		309AF264247E951E00BD5A5D /* AppDelegate.swift in Sources */ = {isa = PBXBuildFile; fileRef = 309AF263247E951E00BD5A5D /* AppDelegate.swift */; };
		309AF266247E951E00BD5A5D /* SceneDelegate.swift in Sources */ = {isa = PBXBuildFile; fileRef = 309AF265247E951E00BD5A5D /* SceneDelegate.swift */; };
		309AF268247E951E00BD5A5D /* ContentView.swift in Sources */ = {isa = PBXBuildFile; fileRef = 309AF267247E951E00BD5A5D /* ContentView.swift */; };
		309AF26A247E952000BD5A5D /* Assets.xcassets in Resources */ = {isa = PBXBuildFile; fileRef = 309AF269247E952000BD5A5D /* Assets.xcassets */; };
		309AF26D247E952000BD5A5D /* Preview Assets.xcassets in Resources */ = {isa = PBXBuildFile; fileRef = 309AF26C247E952000BD5A5D /* Preview Assets.xcassets */; };
		309AF270247E952000BD5A5D /* LaunchScreen.storyboard in Resources */ = {isa = PBXBuildFile; fileRef = 309AF26E247E952000BD5A5D /* LaunchScreen.storyboard */; };
		30CA10D6248287C800DA2DC4 /* HeaderModel.swift in Sources */ = {isa = PBXBuildFile; fileRef = 30CA10D5248287C800DA2DC4 /* HeaderModel.swift */; };
		30CA10D82482888600DA2DC4 /* HeaderData.swift in Sources */ = {isa = PBXBuildFile; fileRef = 30CA10D72482888600DA2DC4 /* HeaderData.swift */; };
		30CA10DA24828CAD00DA2DC4 /* DishesView.swift in Sources */ = {isa = PBXBuildFile; fileRef = 30CA10D924828CAC00DA2DC4 /* DishesView.swift */; };
		30D5D7282487DB7500CB67CE /* RecipeRatingView.swift in Sources */ = {isa = PBXBuildFile; fileRef = 30D5D7272487DB7500CB67CE /* RecipeRatingView.swift */; };
		30D5D72A2487DC1F00CB67CE /* RecipeCookingView.swift in Sources */ = {isa = PBXBuildFile; fileRef = 30D5D7292487DC1F00CB67CE /* RecipeCookingView.swift */; };
		30D5D72C2487DD9600CB67CE /* RecipeDetailView.swift in Sources */ = {isa = PBXBuildFile; fileRef = 30D5D72B2487DD9600CB67CE /* RecipeDetailView.swift */; };
		30F666022483E621009B4DBF /* FactModel.swift in Sources */ = {isa = PBXBuildFile; fileRef = 30F666012483E621009B4DBF /* FactModel.swift */; };
		30F666042483E668009B4DBF /* FactData.swift in Sources */ = {isa = PBXBuildFile; fileRef = 30F666032483E668009B4DBF /* FactData.swift */; };
		30F666062483E83B009B4DBF /* FactView.swift in Sources */ = {isa = PBXBuildFile; fileRef = 30F666052483E83B009B4DBF /* FactView.swift */; };
		30F6660824841FE3009B4DBF /* RecipeModel.swift in Sources */ = {isa = PBXBuildFile; fileRef = 30F6660724841FE3009B4DBF /* RecipeModel.swift */; };
		30F6660A248420A3009B4DBF /* RecipeData.swift in Sources */ = {isa = PBXBuildFile; fileRef = 30F66609248420A3009B4DBF /* RecipeData.swift */; };
		30F6660C2484213E009B4DBF /* RecipeCardView.swift in Sources */ = {isa = PBXBuildFile; fileRef = 30F6660B2484213E009B4DBF /* RecipeCardView.swift */; };
/* End PBXBuildFile section */

/* Begin PBXFileReference section */
		303E743F24815D4000F1E449 /* HeaderView.swift */ = {isa = PBXFileReference; lastKnownFileType = sourcecode.swift; path = HeaderView.swift; sourceTree = "<group>"; };
		30690D0F248011E00064F58D /* AvocadosView.swift */ = {isa = PBXFileReference; lastKnownFileType = sourcecode.swift; path = AvocadosView.swift; sourceTree = "<group>"; };
		30690D11248012060064F58D /* RipeningStagesView.swift */ = {isa = PBXFileReference; lastKnownFileType = sourcecode.swift; path = RipeningStagesView.swift; sourceTree = "<group>"; };
		30690D132480122B0064F58D /* SettingsView.swift */ = {isa = PBXFileReference; lastKnownFileType = sourcecode.swift; path = SettingsView.swift; sourceTree = "<group>"; };
		30690D15248012500064F58D /* AppView.swift */ = {isa = PBXFileReference; lastKnownFileType = sourcecode.swift; path = AppView.swift; sourceTree = "<group>"; };
		309AF260247E951E00BD5A5D /* Avocados.app */ = {isa = PBXFileReference; explicitFileType = wrapper.application; includeInIndex = 0; path = Avocados.app; sourceTree = BUILT_PRODUCTS_DIR; };
		309AF263247E951E00BD5A5D /* AppDelegate.swift */ = {isa = PBXFileReference; lastKnownFileType = sourcecode.swift; path = AppDelegate.swift; sourceTree = "<group>"; };
		309AF265247E951E00BD5A5D /* SceneDelegate.swift */ = {isa = PBXFileReference; lastKnownFileType = sourcecode.swift; path = SceneDelegate.swift; sourceTree = "<group>"; };
		309AF267247E951E00BD5A5D /* ContentView.swift */ = {isa = PBXFileReference; lastKnownFileType = sourcecode.swift; path = ContentView.swift; sourceTree = "<group>"; };
		309AF269247E952000BD5A5D /* Assets.xcassets */ = {isa = PBXFileReference; lastKnownFileType = folder.assetcatalog; path = Assets.xcassets; sourceTree = "<group>"; };
		309AF26C247E952000BD5A5D /* Preview Assets.xcassets */ = {isa = PBXFileReference; lastKnownFileType = folder.assetcatalog; path = "Preview Assets.xcassets"; sourceTree = "<group>"; };
		309AF26F247E952000BD5A5D /* Base */ = {isa = PBXFileReference; lastKnownFileType = file.storyboard; name = Base; path = Base.lproj/LaunchScreen.storyboard; sourceTree = "<group>"; };
		309AF271247E952000BD5A5D /* Info.plist */ = {isa = PBXFileReference; lastKnownFileType = text.plist.xml; path = Info.plist; sourceTree = "<group>"; };
		30CA10D5248287C800DA2DC4 /* HeaderModel.swift */ = {isa = PBXFileReference; lastKnownFileType = sourcecode.swift; path = HeaderModel.swift; sourceTree = "<group>"; };
		30CA10D72482888600DA2DC4 /* HeaderData.swift */ = {isa = PBXFileReference; lastKnownFileType = sourcecode.swift; path = HeaderData.swift; sourceTree = "<group>"; };
		30CA10D924828CAC00DA2DC4 /* DishesView.swift */ = {isa = PBXFileReference; lastKnownFileType = sourcecode.swift; path = DishesView.swift; sourceTree = "<group>"; };
		30D5D7272487DB7500CB67CE /* RecipeRatingView.swift */ = {isa = PBXFileReference; lastKnownFileType = sourcecode.swift; path = RecipeRatingView.swift; sourceTree = "<group>"; };
		30D5D7292487DC1F00CB67CE /* RecipeCookingView.swift */ = {isa = PBXFileReference; lastKnownFileType = sourcecode.swift; path = RecipeCookingView.swift; sourceTree = "<group>"; };
		30D5D72B2487DD9600CB67CE /* RecipeDetailView.swift */ = {isa = PBXFileReference; lastKnownFileType = sourcecode.swift; path = RecipeDetailView.swift; sourceTree = "<group>"; };
		30F666012483E621009B4DBF /* FactModel.swift */ = {isa = PBXFileReference; lastKnownFileType = sourcecode.swift; path = FactModel.swift; sourceTree = "<group>"; };
		30F666032483E668009B4DBF /* FactData.swift */ = {isa = PBXFileReference; lastKnownFileType = sourcecode.swift; path = FactData.swift; sourceTree = "<group>"; };
		30F666052483E83B009B4DBF /* FactView.swift */ = {isa = PBXFileReference; lastKnownFileType = sourcecode.swift; path = FactView.swift; sourceTree = "<group>"; };
		30F6660724841FE3009B4DBF /* RecipeModel.swift */ = {isa = PBXFileReference; lastKnownFileType = sourcecode.swift; path = RecipeModel.swift; sourceTree = "<group>"; };
		30F66609248420A3009B4DBF /* RecipeData.swift */ = {isa = PBXFileReference; lastKnownFileType = sourcecode.swift; path = RecipeData.swift; sourceTree = "<group>"; };
		30F6660B2484213E009B4DBF /* RecipeCardView.swift */ = {isa = PBXFileReference; lastKnownFileType = sourcecode.swift; path = RecipeCardView.swift; sourceTree = "<group>"; };
/* End PBXFileReference section */

/* Begin PBXFrameworksBuildPhase section */
		309AF25D247E951E00BD5A5D /* Frameworks */ = {
			isa = PBXFrameworksBuildPhase;
			buildActionMask = 2147483647;
			files = (
			);
			runOnlyForDeploymentPostprocessing = 0;
		};
/* End PBXFrameworksBuildPhase section */

/* Begin PBXGroup section */
		30690D0C248011470064F58D /* Data */ = {
			isa = PBXGroup;
			children = (
				30CA10D72482888600DA2DC4 /* HeaderData.swift */,
				30F666032483E668009B4DBF /* FactData.swift */,
				30F66609248420A3009B4DBF /* RecipeData.swift */,
			);
			name = Data;
			path = "New Group/Data";
			sourceTree = "<group>";
		};
		30690D0D248011620064F58D /* Model */ = {
			isa = PBXGroup;
			children = (
				30CA10D5248287C800DA2DC4 /* HeaderModel.swift */,
				30F666012483E621009B4DBF /* FactModel.swift */,
				30F6660724841FE3009B4DBF /* RecipeModel.swift */,
			);
			path = Model;
			sourceTree = "<group>";
		};
		30690D0E248011730064F58D /* View */ = {
			isa = PBXGroup;
			children = (
				309AF267247E951E00BD5A5D /* ContentView.swift */,
				30690D0F248011E00064F58D /* AvocadosView.swift */,
				30690D11248012060064F58D /* RipeningStagesView.swift */,
				30690D132480122B0064F58D /* SettingsView.swift */,
				30690D15248012500064F58D /* AppView.swift */,
				303E743F24815D4000F1E449 /* HeaderView.swift */,
				30CA10D924828CAC00DA2DC4 /* DishesView.swift */,
				30F666052483E83B009B4DBF /* FactView.swift */,
				30F6660B2484213E009B4DBF /* RecipeCardView.swift */,
				30D5D7272487DB7500CB67CE /* RecipeRatingView.swift */,
				30D5D7292487DC1F00CB67CE /* RecipeCookingView.swift */,
				30D5D72B2487DD9600CB67CE /* RecipeDetailView.swift */,
			);
			path = View;
			sourceTree = "<group>";
		};
		309AF257247E951E00BD5A5D = {
			isa = PBXGroup;
			children = (
				309AF262247E951E00BD5A5D /* Avocados */,
				309AF261247E951E00BD5A5D /* Products */,
			);
			sourceTree = "<group>";
		};
		309AF261247E951E00BD5A5D /* Products */ = {
			isa = PBXGroup;
			children = (
				309AF260247E951E00BD5A5D /* Avocados.app */,
			);
			name = Products;
			sourceTree = "<group>";
		};
		309AF262247E951E00BD5A5D /* Avocados */ = {
			isa = PBXGroup;
			children = (
				30690D0E248011730064F58D /* View */,
				30690D0D248011620064F58D /* Model */,
				30690D0C248011470064F58D /* Data */,
				309AF263247E951E00BD5A5D /* AppDelegate.swift */,
				309AF265247E951E00BD5A5D /* SceneDelegate.swift */,
				309AF269247E952000BD5A5D /* Assets.xcassets */,
				309AF26E247E952000BD5A5D /* LaunchScreen.storyboard */,
				309AF271247E952000BD5A5D /* Info.plist */,
				309AF26B247E952000BD5A5D /* Preview Content */,
			);
			path = Avocados;
			sourceTree = "<group>";
		};
		309AF26B247E952000BD5A5D /* Preview Content */ = {
			isa = PBXGroup;
			children = (
				309AF26C247E952000BD5A5D /* Preview Assets.xcassets */,
			);
			path = "Preview Content";
			sourceTree = "<group>";
		};
/* End PBXGroup section */

/* Begin PBXNativeTarget section */
		309AF25F247E951E00BD5A5D /* Avocados */ = {
			isa = PBXNativeTarget;
			buildConfigurationList = 309AF274247E952000BD5A5D /* Build configuration list for PBXNativeTarget "Avocados" */;
			buildPhases = (
				309AF25C247E951E00BD5A5D /* Sources */,
				309AF25D247E951E00BD5A5D /* Frameworks */,
				309AF25E247E951E00BD5A5D /* Resources */,
			);
			buildRules = (
			);
			dependencies = (
			);
			name = Avocados;
			productName = Avocados;
			productReference = 309AF260247E951E00BD5A5D /* Avocados.app */;
			productType = "com.apple.product-type.application";
		};
/* End PBXNativeTarget section */

/* Begin PBXProject section */
		309AF258247E951E00BD5A5D /* Project object */ = {
			isa = PBXProject;
			attributes = {
				LastSwiftUpdateCheck = 1140;
				LastUpgradeCheck = 1140;
				ORGANIZATIONNAME = LIN2;
				TargetAttributes = {
					309AF25F247E951E00BD5A5D = {
						CreatedOnToolsVersion = 11.4.1;
					};
				};
			};
			buildConfigurationList = 309AF25B247E951E00BD5A5D /* Build configuration list for PBXProject "Avocados" */;
			compatibilityVersion = "Xcode 9.3";
			developmentRegion = en;
			hasScannedForEncodings = 0;
			knownRegions = (
				en,
				Base,
			);
			mainGroup = 309AF257247E951E00BD5A5D;
			productRefGroup = 309AF261247E951E00BD5A5D /* Products */;
			projectDirPath = "";
			projectRoot = "";
			targets = (
				309AF25F247E951E00BD5A5D /* Avocados */,
			);
		};
/* End PBXProject section */

/* Begin PBXResourcesBuildPhase section */
		309AF25E247E951E00BD5A5D /* Resources */ = {
			isa = PBXResourcesBuildPhase;
			buildActionMask = 2147483647;
			files = (
				309AF270247E952000BD5A5D /* LaunchScreen.storyboard in Resources */,
				309AF26D247E952000BD5A5D /* Preview Assets.xcassets in Resources */,
				309AF26A247E952000BD5A5D /* Assets.xcassets in Resources */,
			);
			runOnlyForDeploymentPostprocessing = 0;
		};
/* End PBXResourcesBuildPhase section */

/* Begin PBXSourcesBuildPhase section */
		309AF25C247E951E00BD5A5D /* Sources */ = {
			isa = PBXSourcesBuildPhase;
			buildActionMask = 2147483647;
			files = (
				30690D10248011E00064F58D /* AvocadosView.swift in Sources */,
				30CA10D6248287C800DA2DC4 /* HeaderModel.swift in Sources */,
				30F6660824841FE3009B4DBF /* RecipeModel.swift in Sources */,
				30F666022483E621009B4DBF /* FactModel.swift in Sources */,
				30D5D72A2487DC1F00CB67CE /* RecipeCookingView.swift in Sources */,
				30690D12248012060064F58D /* RipeningStagesView.swift in Sources */,
				309AF264247E951E00BD5A5D /* AppDelegate.swift in Sources */,
				30690D16248012500064F58D /* AppView.swift in Sources */,
				30D5D7282487DB7500CB67CE /* RecipeRatingView.swift in Sources */,
				30F666062483E83B009B4DBF /* FactView.swift in Sources */,
				30690D142480122B0064F58D /* SettingsView.swift in Sources */,
				30D5D72C2487DD9600CB67CE /* RecipeDetailView.swift in Sources */,
				30F6660C2484213E009B4DBF /* RecipeCardView.swift in Sources */,
				309AF266247E951E00BD5A5D /* SceneDelegate.swift in Sources */,
				309AF268247E951E00BD5A5D /* ContentView.swift in Sources */,
				30F666042483E668009B4DBF /* FactData.swift in Sources */,
				30CA10DA24828CAD00DA2DC4 /* DishesView.swift in Sources */,
				30F6660A248420A3009B4DBF /* RecipeData.swift in Sources */,
				30CA10D82482888600DA2DC4 /* HeaderData.swift in Sources */,
				303E744024815D4000F1E449 /* HeaderView.swift in Sources */,
			);
			runOnlyForDeploymentPostprocessing = 0;
		};
/* End PBXSourcesBuildPhase section */

/* Begin PBXVariantGroup section */
		309AF26E247E952000BD5A5D /* LaunchScreen.storyboard */ = {
			isa = PBXVariantGroup;
			children = (
				309AF26F247E952000BD5A5D /* Base */,
			);
			name = LaunchScreen.storyboard;
			sourceTree = "<group>";
		};
/* End PBXVariantGroup section */

/* Begin XCBuildConfiguration section */
		309AF272247E952000BD5A5D /* Debug */ = {
			isa = XCBuildConfiguration;
			buildSettings = {
				ALWAYS_SEARCH_USER_PATHS = NO;
				CLANG_ANALYZER_NONNULL = YES;
				CLANG_ANALYZER_NUMBER_OBJECT_CONVERSION = YES_AGGRESSIVE;
				CLANG_CXX_LANGUAGE_STANDARD = "gnu++14";
				CLANG_CXX_LIBRARY = "libc++";
				CLANG_ENABLE_MODULES = YES;
				CLANG_ENABLE_OBJC_ARC = YES;
				CLANG_ENABLE_OBJC_WEAK = YES;
				CLANG_WARN_BLOCK_CAPTURE_AUTORELEASING = YES;
				CLANG_WARN_BOOL_CONVERSION = YES;
				CLANG_WARN_COMMA = YES;
				CLANG_WARN_CONSTANT_CONVERSION = YES;
				CLANG_WARN_DEPRECATED_OBJC_IMPLEMENTATIONS = YES;
				CLANG_WARN_DIRECT_OBJC_ISA_USAGE = YES_ERROR;
				CLANG_WARN_DOCUMENTATION_COMMENTS = YES;
				CLANG_WARN_EMPTY_BODY = YES;
				CLANG_WARN_ENUM_CONVERSION = YES;
				CLANG_WARN_INFINITE_RECURSION = YES;
				CLANG_WARN_INT_CONVERSION = YES;
				CLANG_WARN_NON_LITERAL_NULL_CONVERSION = YES;
				CLANG_WARN_OBJC_IMPLICIT_RETAIN_SELF = YES;
				CLANG_WARN_OBJC_LITERAL_CONVERSION = YES;
				CLANG_WARN_OBJC_ROOT_CLASS = YES_ERROR;
				CLANG_WARN_RANGE_LOOP_ANALYSIS = YES;
				CLANG_WARN_STRICT_PROTOTYPES = YES;
				CLANG_WARN_SUSPICIOUS_MOVE = YES;
				CLANG_WARN_UNGUARDED_AVAILABILITY = YES_AGGRESSIVE;
				CLANG_WARN_UNREACHABLE_CODE = YES;
				CLANG_WARN__DUPLICATE_METHOD_MATCH = YES;
				COPY_PHASE_STRIP = NO;
				DEBUG_INFORMATION_FORMAT = dwarf;
				ENABLE_STRICT_OBJC_MSGSEND = YES;
				ENABLE_TESTABILITY = YES;
				GCC_C_LANGUAGE_STANDARD = gnu11;
				GCC_DYNAMIC_NO_PIC = NO;
				GCC_NO_COMMON_BLOCKS = YES;
				GCC_OPTIMIZATION_LEVEL = 0;
				GCC_PREPROCESSOR_DEFINITIONS = (
					"DEBUG=1",
					"$(inherited)",
				);
				GCC_WARN_64_TO_32_BIT_CONVERSION = YES;
				GCC_WARN_ABOUT_RETURN_TYPE = YES_ERROR;
				GCC_WARN_UNDECLARED_SELECTOR = YES;
				GCC_WARN_UNINITIALIZED_AUTOS = YES_AGGRESSIVE;
				GCC_WARN_UNUSED_FUNCTION = YES;
				GCC_WARN_UNUSED_VARIABLE = YES;
				IPHONEOS_DEPLOYMENT_TARGET = 13.4;
				MTL_ENABLE_DEBUG_INFO = INCLUDE_SOURCE;
				MTL_FAST_MATH = YES;
				ONLY_ACTIVE_ARCH = YES;
				SDKROOT = iphoneos;
				SWIFT_ACTIVE_COMPILATION_CONDITIONS = DEBUG;
				SWIFT_OPTIMIZATION_LEVEL = "-Onone";
			};
			name = Debug;
		};
		309AF273247E952000BD5A5D /* Release */ = {
			isa = XCBuildConfiguration;
			buildSettings = {
				ALWAYS_SEARCH_USER_PATHS = NO;
				CLANG_ANALYZER_NONNULL = YES;
				CLANG_ANALYZER_NUMBER_OBJECT_CONVERSION = YES_AGGRESSIVE;
				CLANG_CXX_LANGUAGE_STANDARD = "gnu++14";
				CLANG_CXX_LIBRARY = "libc++";
				CLANG_ENABLE_MODULES = YES;
				CLANG_ENABLE_OBJC_ARC = YES;
				CLANG_ENABLE_OBJC_WEAK = YES;
				CLANG_WARN_BLOCK_CAPTURE_AUTORELEASING = YES;
				CLANG_WARN_BOOL_CONVERSION = YES;
				CLANG_WARN_COMMA = YES;
				CLANG_WARN_CONSTANT_CONVERSION = YES;
				CLANG_WARN_DEPRECATED_OBJC_IMPLEMENTATIONS = YES;
				CLANG_WARN_DIRECT_OBJC_ISA_USAGE = YES_ERROR;
				CLANG_WARN_DOCUMENTATION_COMMENTS = YES;
				CLANG_WARN_EMPTY_BODY = YES;
				CLANG_WARN_ENUM_CONVERSION = YES;
				CLANG_WARN_INFINITE_RECURSION = YES;
				CLANG_WARN_INT_CONVERSION = YES;
				CLANG_WARN_NON_LITERAL_NULL_CONVERSION = YES;
				CLANG_WARN_OBJC_IMPLICIT_RETAIN_SELF = YES;
				CLANG_WARN_OBJC_LITERAL_CONVERSION = YES;
				CLANG_WARN_OBJC_ROOT_CLASS = YES_ERROR;
				CLANG_WARN_RANGE_LOOP_ANALYSIS = YES;
				CLANG_WARN_STRICT_PROTOTYPES = YES;
				CLANG_WARN_SUSPICIOUS_MOVE = YES;
				CLANG_WARN_UNGUARDED_AVAILABILITY = YES_AGGRESSIVE;
				CLANG_WARN_UNREACHABLE_CODE = YES;
				CLANG_WARN__DUPLICATE_METHOD_MATCH = YES;
				COPY_PHASE_STRIP = NO;
				DEBUG_INFORMATION_FORMAT = "dwarf-with-dsym";
				ENABLE_NS_ASSERTIONS = NO;
				ENABLE_STRICT_OBJC_MSGSEND = YES;
				GCC_C_LANGUAGE_STANDARD = gnu11;
				GCC_NO_COMMON_BLOCKS = YES;
				GCC_WARN_64_TO_32_BIT_CONVERSION = YES;
				GCC_WARN_ABOUT_RETURN_TYPE = YES_ERROR;
				GCC_WARN_UNDECLARED_SELECTOR = YES;
				GCC_WARN_UNINITIALIZED_AUTOS = YES_AGGRESSIVE;
				GCC_WARN_UNUSED_FUNCTION = YES;
				GCC_WARN_UNUSED_VARIABLE = YES;
				IPHONEOS_DEPLOYMENT_TARGET = 13.4;
				MTL_ENABLE_DEBUG_INFO = NO;
				MTL_FAST_MATH = YES;
				SDKROOT = iphoneos;
				SWIFT_COMPILATION_MODE = wholemodule;
				SWIFT_OPTIMIZATION_LEVEL = "-O";
				VALIDATE_PRODUCT = YES;
			};
			name = Release;
		};
		309AF275247E952000BD5A5D /* Debug */ = {
			isa = XCBuildConfiguration;
			buildSettings = {
				ASSETCATALOG_COMPILER_APPICON_NAME = AppIcon;
				CODE_SIGN_STYLE = Automatic;
				DEVELOPMENT_ASSET_PATHS = "\"Avocados/Preview Content\"";
				DEVELOPMENT_TEAM = CAZYTPXB7D;
				ENABLE_PREVIEWS = YES;
				INFOPLIST_FILE = Avocados/Info.plist;
				LD_RUNPATH_SEARCH_PATHS = (
					"$(inherited)",
					"@executable_path/Frameworks",
				);
				PRODUCT_BUNDLE_IDENTIFIER = com.jamesabsalem.Avocados;
				PRODUCT_NAME = "$(TARGET_NAME)";
				SWIFT_VERSION = 5.0;
				TARGETED_DEVICE_FAMILY = "1,2";
			};
			name = Debug;
		};
		309AF276247E952000BD5A5D /* Release */ = {
			isa = XCBuildConfiguration;
			buildSettings = {
				ASSETCATALOG_COMPILER_APPICON_NAME = AppIcon;
				CODE_SIGN_STYLE = Automatic;
				DEVELOPMENT_ASSET_PATHS = "\"Avocados/Preview Content\"";
				DEVELOPMENT_TEAM = CAZYTPXB7D;
				ENABLE_PREVIEWS = YES;
				INFOPLIST_FILE = Avocados/Info.plist;
				LD_RUNPATH_SEARCH_PATHS = (
					"$(inherited)",
					"@executable_path/Frameworks",
				);
				PRODUCT_BUNDLE_IDENTIFIER = com.jamesabsalem.Avocados;
				PRODUCT_NAME = "$(TARGET_NAME)";
				SWIFT_VERSION = 5.0;
				TARGETED_DEVICE_FAMILY = "1,2";
			};
			name = Release;
		};
/* End XCBuildConfiguration section */

/* Begin XCConfigurationList section */
		309AF25B247E951E00BD5A5D /* Build configuration list for PBXProject "Avocados" */ = {
			isa = XCConfigurationList;
			buildConfigurations = (
				309AF272247E952000BD5A5D /* Debug */,
				309AF273247E952000BD5A5D /* Release */,
			);
			defaultConfigurationIsVisible = 0;
			defaultConfigurationName = Release;
		};
		309AF274247E952000BD5A5D /* Build configuration list for PBXNativeTarget "Avocados" */ = {
			isa = XCConfigurationList;
			buildConfigurations = (
				309AF275247E952000BD5A5D /* Debug */,
				309AF276247E952000BD5A5D /* Release */,
			);
			defaultConfigurationIsVisible = 0;
			defaultConfigurationName = Release;
		};
/* End XCConfigurationList section */
	};
	rootObject = 309AF258247E951E00BD5A5D /* Project object */;
}
